{
    "_readme": [
        "This file locks the dependencies of your project to a known state",
        "Read more about it at http://getcomposer.org/doc/01-basic-usage.md#composer-lock-the-lock-file",
        "This file is @generated automatically"
    ],
    "hash": "b2e3269240b93a12b9e0ab361a226e77",
    "packages": [
        {
            "name": "erebot/generic-doc",
            "version": "dev-master",
            "source": {
                "type": "git",
                "url": "https://github.com/Erebot/GenericDoc.git",
                "reference": "f3f960e48b0a188161390c1566a13195e524bfc4"
            },
            "dist": {
                "type": "zip",
                "url": "https://api.github.com/repos/Erebot/GenericDoc/zipball/f3f960e48b0a188161390c1566a13195e524bfc4",
                "reference": "f3f960e48b0a188161390c1566a13195e524bfc4",
                "shasum": ""
            },
            "require": {
                "erebot/installers": "*"
            },
            "type": "erebot-generic-doc",
            "extra": {
                "branch-alias": {
                    "dev-master": "1.0.x-dev"
                }
            },
            "notification-url": "https://packagist.org/downloads/",
            "license": [
                "GPL-3.0+"
            ],
            "authors": [
                {
                    "name": "François Poirotte",
                    "email": "clicky@erebot.net",
                    "role": "lead"
                }
            ],
            "description": "Generic documentation for Erebot modules",
            "homepage": "https://github.com/Erebot/GenericDoc",
            "keywords": [
                "Erebot",
                "bot",
                "doc",
                "documentation",
                "irc"
            ],
            "time": "2015-03-29 15:31:44"
        },
        {
            "name": "erebot/installers",
            "version": "dev-master",
            "source": {
                "type": "git",
                "url": "https://github.com/Erebot/Installers.git",
                "reference": "8b90483ee69f98b7c0cfe6b42cdb3979f930c7fd"
            },
            "dist": {
                "type": "zip",
                "url": "https://api.github.com/repos/Erebot/Installers/zipball/8b90483ee69f98b7c0cfe6b42cdb3979f930c7fd",
                "reference": "8b90483ee69f98b7c0cfe6b42cdb3979f930c7fd",
                "shasum": ""
            },
            "type": "composer-installer",
            "extra": {
                "branch-alias": {
                    "dev-master": "1.0.x-dev"
                },
                "class": "Erebot\\Composer\\GenericDocInstaller"
            },
            "autoload": {
                "psr-4": {
                    "Erebot\\Composer\\": "src/"
                }
            },
            "notification-url": "https://packagist.org/downloads/",
            "license": [
                "GPL-3.0+"
            ],
            "authors": [
                {
                    "name": "François Poirotte",
                    "email": "clicky@erebot.net",
                    "role": "lead"
                }
            ],
            "description": "Composer installers for Erebot",
            "homepage": "https://github.com/Erebot/Installers",
            "keywords": [
                "Erebot",
                "bot",
                "installers",
                "irc"
            ],
            "time": "2015-03-29 15:29:28"
        }
    ],
    "packages-dev": [],
    "aliases": [],
    "minimum-stability": "dev",
    "stability-flags": {
        "erebot/installers": 20,
        "erebot/generic-doc": 20
    },
    "prefer-stable": false,
    "prefer-lowest": false,
    "platform": {
        "php": ">=5.2.2"
    },
    "platform-dev": []
}
