{
    "_readme": [
        "This file locks the dependencies of your project to a known state",
        "Read more about it at http://getcomposer.org/doc/01-basic-usage.md#composer-lock-the-lock-file"
    ],
    "hash": "9b7abdc45aa18c8f36cf4e5b5db23022",
    "packages": [
        {
            "name": "erebot/generic-doc",
            "version": "dev-master",
            "source": {
                "type": "git",
                "url": "https://github.com/Erebot/Erebot_Module_Skeleton_Doc.git",
                "reference": "c727d96114325ec7c4d971b3ee07c93cc7d5bb90"
            },
            "dist": {
                "type": "zip",
                "url": "https://api.github.com/repos/Erebot/Erebot_Module_Skeleton_Doc/zipball/c727d96114325ec7c4d971b3ee07c93cc7d5bb90",
                "reference": "c727d96114325ec7c4d971b3ee07c93cc7d5bb90",
                "shasum": ""
            },
            "require": {
                "erebot/installers": "dev-master"
            },
            "type": "erebot-generic-doc",
            "extra": {
                "branch-alias": {
                    "dev-master": "1.0.x-dev"
                }
            },
            "notification-url": "https://packagist.org/downloads/",
            "license": [
                "GPL-3.0+"
            ],
            "authors": [
                {
                    "name": "François Poirotte",
                    "email": "clicky@erebot.net",
                    "role": "lead"
                }
            ],
            "description": "Generic documentation for Erebot modules",
            "homepage": "https://github.com/Erebot/Erebot_Module_Skeleton",
            "keywords": [
                "Erebot",
                "bot",
                "doc",
                "documentation",
                "irc"
            ],
            "time": "2013-08-16 20:31:07"
        },
        {
            "name": "erebot/installers",
            "version": "dev-master",
            "source": {
                "type": "git",
                "url": "https://github.com/Erebot/Erebot_Installers.git",
                "reference": "b20c804c270bc6cb51923a6f81cc1ad3b6b09272"
            },
            "dist": {
                "type": "zip",
                "url": "https://api.github.com/repos/Erebot/Erebot_Installers/zipball/b20c804c270bc6cb51923a6f81cc1ad3b6b09272",
                "reference": "b20c804c270bc6cb51923a6f81cc1ad3b6b09272",
                "shasum": ""
            },
            "type": "composer-installer",
            "extra": {
                "branch-alias": {
                    "dev-master": "1.0.x-dev"
                },
                "class": "Erebot\\Composer\\GenericDocInstaller"
            },
            "autoload": {
                "psr-0": {
                    "Erebot\\Composer": "src/"
                }
            },
            "notification-url": "https://packagist.org/downloads/",
            "license": [
                "GPL-3.0+"
            ],
            "authors": [
                {
                    "name": "François Poirotte",
                    "email": "clicky@erebot.net",
                    "role": "lead"
                }
            ],
            "description": "Composer installers for Erebot",
            "homepage": "https://github.com/Erebot/Erebot_Installers",
            "keywords": [
                "Erebot",
                "bot",
                "installers",
                "irc"
            ],
            "time": "2013-06-27 21:08:41"
        }
    ],
    "packages-dev": [

    ],
    "aliases": [

    ],
    "minimum-stability": "stable",
    "stability-flags": {
        "erebot/installers": 20,
        "erebot/generic-doc": 20
    },
    "platform": {
        "php": ">=5.2.2"
    },
    "platform-dev": [

    ]
}
